{
  "requires": true,
  "lockfileVersion": 1,
  "dependencies": {
    "lefthook": {
      "version": "1.4.9",
      "resolved": "https://registry.npmjs.org/lefthook/-/lefthook-1.4.9.tgz",
      "integrity": "sha512-/7yPLotSON25JXZAJFoBxXt2SdfnuFUuQ3iGf5Rr736qPbgCRatL/C8Z5m5mZ03Jv6OGnUSwSVgML8r4HH3rlg==",
      "requires": {
        "lefthook-darwin-arm64": "1.4.9",
        "lefthook-darwin-x64": "1.4.9",
        "lefthook-freebsd-arm64": "1.4.9",
        "lefthook-freebsd-x64": "1.4.9",
        "lefthook-linux-arm64": "1.4.9",
        "lefthook-linux-x64": "1.4.9",
        "lefthook-windows-arm64": "1.4.9",
        "lefthook-windows-x64": "1.4.9"
      }
    },
    "lefthook-darwin-arm64": {
      "version": "1.4.9",
      "resolved": "https://registry.npmjs.org/lefthook-darwin-arm64/-/lefthook-darwin-arm64-1.4.9.tgz",
      "integrity": "sha512-zKXSpQZ+nk2RQfsmzb2jU8KsExVpJglZkoOFn/ucC931xaQBAxgWbw5XE6AxvwIcXkegaQBgOFxu0GO4QTnbzg==",
      "optional": true
    },
    "lefthook-darwin-x64": {
      "version": "1.4.9",
      "resolved": "https://registry.npmjs.org/lefthook-darwin-x64/-/lefthook-darwin-x64-1.4.9.tgz",
      "integrity": "sha512-fpL3O2aOPyeFzTYSsK0rlgwRpZ+p6OSLsyov7ZhjKjSRQX4eK5N44ISlwNR5HylJb+aOgYiRu1q1Ioyp+TgvDQ==",
      "optional": true
    },
    "lefthook-freebsd-arm64": {
      "version": "1.4.9",
      "resolved": "https://registry.npmjs.org/lefthook-freebsd-arm64/-/lefthook-freebsd-arm64-1.4.9.tgz",
      "integrity": "sha512-AbjFc/V7OFYaS8NuXWM29Qdp2Z2D6LeROAC0qWBspAhERbewE386u1sHIpWvf2d8Uuc33hAV/4+MUPncz4Z4Lw==",
      "optional": true
    },
    "lefthook-freebsd-x64": {
      "version": "1.4.9",
      "resolved": "https://registry.npmjs.org/lefthook-freebsd-x64/-/lefthook-freebsd-x64-1.4.9.tgz",
      "integrity": "sha512-14u4xV9bI2VLyAqz+5xUj/FBQQFrcet9EeDnqpi2In6jv5OykdjH3kpGXU0d9YgyTGr1QEpeyL4Fsj0SBSD2Rg==",
      "optional": true
    },
    "lefthook-linux-arm64": {
      "version": "1.4.9",
      "resolved": "https://registry.npmjs.org/lefthook-linux-arm64/-/lefthook-linux-arm64-1.4.9.tgz",
      "integrity": "sha512-bzQWVXG5AuOG/KVS3guYcQlJ2bo9s1ogsE76PegpBjPtPKiaNg5IdZp/yRWenTgEIO/DcUyb8lNJHgPJPQ6fDA==",
      "optional": true
    },
    "lefthook-linux-x64": {
      "version": "1.4.9",
      "resolved": "https://registry.npmjs.org/lefthook-linux-x64/-/lefthook-linux-x64-1.4.9.tgz",
      "integrity": "sha512-Q9bwlv5+Gmxsc0IL0kM0qGTToDsLeuAAYA+Mp8Ra2m+lok2xDVxXCKNB1SWWiErowPCf+shU8d1ZAAz95ieZww==",
      "optional": true
    },
    "lefthook-windows-arm64": {
      "version": "1.4.9",
      "resolved": "https://registry.npmjs.org/lefthook-windows-arm64/-/lefthook-windows-arm64-1.4.9.tgz",
      "integrity": "sha512-1PBQuz/2Iu4eiuTXTYV9BogNyNpRT8Ln4Zj97mZaoU+Mg/mFi2/kffjuPHD52acAglwGYpYS4Ap1liQNht1GzA==",
      "optional": true
    },
    "lefthook-windows-x64": {
      "version": "1.4.9",
      "resolved": "https://registry.npmjs.org/lefthook-windows-x64/-/lefthook-windows-x64-1.4.9.tgz",
      "integrity": "sha512-XrFkR27lJmjMw18a3Zx71d2x8y8yHY0aKQL+hGVeM5wbY95mFJTKMvlHL+W4xj3CVszQEYnnJj7zozL3BxfGpQ==",
      "optional": true
    }
  }
}
